
Microsoft Visual Studio Solution File, Format Version 12.00
# Visual Studio 15
VisualStudioVersion = 15.0.28307.271
MinimumVisualStudioVersion = 10.0.40219.1
Project("{FAE04EC0-301F-11D3-BF4B-00C04F79EFBC}") = "Demo", "Demo\Demo.csproj", "{5508B6C4-2B11-48DA-B0FE-9464D6F33253}"
EndProject
Global
	GlobalSection(SolutionConfigurationPlatforms) = preSolution
		Debug|Any CPU = Debug|Any CPU
		Release|Any CPU = Release|Any CPU
	EndGlobalSection
	GlobalSection(ProjectConfigurationPlatforms) = postSolution
		{5508B6C4-2B11-48DA-B0FE-9464D6F33253}.Debug|Any CPU.ActiveCfg = Debug|Any CPU
		{5508B6C4-2B11-48DA-B0FE-9464D6F33253}.Debug|Any CPU.Build.0 = Debug|Any CPU
		{5508B6C4-2B11-48DA-B0FE-9464D6F33253}.Release|Any CPU.ActiveCfg = Release|Any CPU
		{5508B6C4-2B11-48DA-B0FE-9464D6F33253}.Release|Any CPU.Build.0 = Release|Any CPU
	EndGlobalSection
	GlobalSection(SolutionProperties) = preSolution
		HideSolutionNode = FALSE
	EndGlobalSection
	GlobalSection(ExtensibilityGlobals) = postSolution
		SolutionGuid = {D8F8EEA2-A231-4813-B3B7-379ABA8BC370}
	EndGlobalSection
EndGlobal
